<?xml version="1.0" encoding="utf-8"?>
<Project ToolsVersion="4.0" xmlns="http://schemas.microsoft.com/developer/msbuild/2003">
  <ItemGroup>
    <Filter Include="Source Files">
      <UniqueIdentifier>{4FC737F1-C7A5-4376-A066-2A32D752A2FF}</UniqueIdentifier>
      <Extensions>cpp;c;cc;cxx;def;odl;idl;hpj;bat;asm;asmx</Extensions>
    </Filter>
    <Filter Include="Header Files">
      <UniqueIdentifier>{93995380-89BD-4b04-88EB-625FBE52EBFB}</UniqueIdentifier>
      <Extensions>h;hh;hpp;hxx;hm;inl;inc;xsd</Extensions>
    </Filter>
    <Filter Include="Resource Files">
      <UniqueIdentifier>{67DA6AB6-F800-4c08-8B7A-83BB121AAD01}</UniqueIdentifier>
      <Extensions>rc;ico;cur;bmp;dlg;rc2;rct;bin;rgs;gif;jpg;jpeg;jpe;resx;tiff;tif;png;wav;mfcribbon-ms</Extensions>
    </Filter>
    <Filter Include="Header Files\pyralis">
      <UniqueIdentifier>{7f1530c8-12d9-4a4d-9cd3-57ebf4d08932}</UniqueIdentifier>
    </Filter>
  </ItemGroup>
  <ItemGroup>
    <ClCompile Include="..\pyralis\src\constants.cpp">
      <Filter>Source Files</Filter>
    </ClCompile>
    <ClCompile Include="..\pyralis\src\State.cpp">
      <Filter>Source Files</Filter>
    </ClCompile>
    <ClCompile Include="..\pyralis\src\StateMachine.cpp">
      <Filter>Source Files</Filter>
    </ClCompile>
    <ClCompile Include="..\pyralis\src\EngineStartupState.cpp">
      <Filter>Source Files</Filter>
    </ClCompile>
    <ClCompile Include="..\pyralis\src\EngineThrustState.cpp">
      <Filter>Source Files</Filter>
    </ClCompile>
    <ClCompile Include="..\pyralis\src\EngineAbortState.cpp">
      <Filter>Source Files</Filter>
    </ClCompile>
    <ClCompile Include="..\pyralis\src\EngineCutoffState.cpp">
      <Filter>Source Files</Filter>
    </ClCompile>
    <ClCompile Include="..\pyralis\src\EnginePassiveState.cpp">
      <Filter>Source Files</Filter>
    </ClCompile>
    <ClCompile Include="..\pyralis\src\EngineStatus.cpp">
      <Filter>Source Files</Filter>
    </ClCompile>
  </ItemGroup>
  <ItemGroup>
    <ClInclude Include="..\pyralis\include\pyralis\constants.h">
      <Filter>Header Files\pyralis</Filter>
    </ClInclude>
    <ClInclude Include="..\pyralis\include\pyralis\Vector3.h">
      <Filter>Header Files\pyralis</Filter>
    </ClInclude>
    <ClInclude Include="..\pyralis\include\pyralis\StateMachine.h">
      <Filter>Header Files\pyralis</Filter>
    </ClInclude>
    <ClInclude Include="..\pyralis\include\pyralis\State.h">
      <Filter>Header Files\pyralis</Filter>
    </ClInclude>
    <ClInclude Include="..\pyralis\include\pyralis\EngineStartupState.h">
      <Filter>Header Files\pyralis</Filter>
    </ClInclude>
    <ClInclude Include="..\pyralis\include\pyralis\EnginePassiveState.h">
      <Filter>Header Files\pyralis</Filter>
    </ClInclude>
    <ClInclude Include="..\pyralis\include\pyralis\EngineCutoffState.h">
      <Filter>Header Files\pyralis</Filter>
    </ClInclude>
    <ClInclude Include="..\pyralis\include\pyralis\EngineAbortState.h">
      <Filter>Header Files\pyralis</Filter>
    </ClInclude>
    <ClInclude Include="..\pyralis\include\pyralis\EngineThrustState.h">
      <Filter>Header Files\pyralis</Filter>
    </ClInclude>
    <ClInclude Include="..\pyralis\include\pyralis\EngineStatus.h">
      <Filter>Header Files\pyralis</Filter>
    </ClInclude>
  </ItemGroup>
</Project>